
Microsoft Visual Studio Solution File, Format Version 12.00
# Visual Studio 15
VisualStudioVersion = 15.0.28010.2026
MinimumVisualStudioVersion = 10.0.40219.1
Project("{FAE04EC0-301F-11D3-BF4B-00C04F79EFBC}") = "MNSUHoursHelper", "MNSUHoursHelper\MNSUHoursHelper.csproj", "{C7B2E2DB-9709-4F23-B81A-07C8FDB9B524}"
EndProject
Global
	GlobalSection(SolutionConfigurationPlatforms) = preSolution
		Debug|Any CPU = Debug|Any CPU
		Release|Any CPU = Release|Any CPU
	EndGlobalSection
	GlobalSection(ProjectConfigurationPlatforms) = postSolution
		{C7B2E2DB-9709-4F23-B81A-07C8FDB9B524}.Debug|Any CPU.ActiveCfg = Debug|Any CPU
		{C7B2E2DB-9709-4F23-B81A-07C8FDB9B524}.Debug|Any CPU.Build.0 = Debug|Any CPU
		{C7B2E2DB-9709-4F23-B81A-07C8FDB9B524}.Release|Any CPU.ActiveCfg = Release|Any CPU
		{C7B2E2DB-9709-4F23-B81A-07C8FDB9B524}.Release|Any CPU.Build.0 = Release|Any CPU
	EndGlobalSection
	GlobalSection(SolutionProperties) = preSolution
		HideSolutionNode = FALSE
	EndGlobalSection
	GlobalSection(ExtensibilityGlobals) = postSolution
		SolutionGuid = {03FD687A-6F17-471C-A8AE-FDCF9C0D5953}
	EndGlobalSection
EndGlobal
